
Microsoft Visual Studio Solution File, Format Version 12.00
# Visual Studio Version 17
VisualStudioVersion = 17.2.32526.322
MinimumVisualStudioVersion = 10.0.40219.1
Project("{FAE04EC0-301F-11D3-BF4B-00C04F79EFBC}") = "QuickLexer", "QuickLexer.csproj", "{0AFA0DCC-CDD2-4C3D-97D7-40C0CD610E07}"
EndProject
Project("{FAE04EC0-301F-11D3-BF4B-00C04F79EFBC}") = "PowerLexer", "..\PowerLexer\PowerLexer.csproj", "{DE8F8AEE-8C97-4E27-8BBA-295689B6CF37}"
EndProject
Project("{FAE04EC0-301F-11D3-BF4B-00C04F79EFBC}") = "QuickLexerTest", "..\QuickLexerText\QuickLexerTest.csproj", "{EC3C2D2B-080D-49FD-94AB-D3FD42E24E92}"
EndProject
Global
	GlobalSection(SolutionConfigurationPlatforms) = preSolution
		Debug|Any CPU = Debug|Any CPU
		Release|Any CPU = Release|Any CPU
	EndGlobalSection
	GlobalSection(ProjectConfigurationPlatforms) = postSolution
		{0AFA0DCC-CDD2-4C3D-97D7-40C0CD610E07}.Debug|Any CPU.ActiveCfg = Debug|Any CPU
		{0AFA0DCC-CDD2-4C3D-97D7-40C0CD610E07}.Debug|Any CPU.Build.0 = Debug|Any CPU
		{0AFA0DCC-CDD2-4C3D-97D7-40C0CD610E07}.Release|Any CPU.ActiveCfg = Release|Any CPU
		{0AFA0DCC-CDD2-4C3D-97D7-40C0CD610E07}.Release|Any CPU.Build.0 = Release|Any CPU
		{DE8F8AEE-8C97-4E27-8BBA-295689B6CF37}.Debug|Any CPU.ActiveCfg = Debug|Any CPU
		{DE8F8AEE-8C97-4E27-8BBA-295689B6CF37}.Debug|Any CPU.Build.0 = Debug|Any CPU
		{DE8F8AEE-8C97-4E27-8BBA-295689B6CF37}.Release|Any CPU.ActiveCfg = Release|Any CPU
		{DE8F8AEE-8C97-4E27-8BBA-295689B6CF37}.Release|Any CPU.Build.0 = Release|Any CPU
		{EC3C2D2B-080D-49FD-94AB-D3FD42E24E92}.Debug|Any CPU.ActiveCfg = Debug|Any CPU
		{EC3C2D2B-080D-49FD-94AB-D3FD42E24E92}.Debug|Any CPU.Build.0 = Debug|Any CPU
		{EC3C2D2B-080D-49FD-94AB-D3FD42E24E92}.Release|Any CPU.ActiveCfg = Release|Any CPU
		{EC3C2D2B-080D-49FD-94AB-D3FD42E24E92}.Release|Any CPU.Build.0 = Release|Any CPU
	EndGlobalSection
	GlobalSection(SolutionProperties) = preSolution
		HideSolutionNode = FALSE
	EndGlobalSection
	GlobalSection(ExtensibilityGlobals) = postSolution
		SolutionGuid = {F7840719-E964-4E52-96DC-40883B456AD5}
	EndGlobalSection
EndGlobal
